// !$*UTF8*$!
{
	archiveVersion = 1;
	classes = {
	};
	objectVersion = 77;
	objects = {

/* Begin PBXBuildFile section */
		33A4DC852DC330C100E1C295 /* BudgetView.swift in Sources */ = {isa = PBXBuildFile; fileRef = 33A4DC842DC330C100E1C295 /* BudgetView.swift */; };
		3E4274622DA80AA900791EA9 /* Budget.swift in Sources */ = {isa = PBXBuildFile; fileRef = 3E4274612DA80AA900791EA9 /* Budget.swift */; };
		3E4274642DA80ACF00791EA9 /* Expense.swift in Sources */ = {isa = PBXBuildFile; fileRef = 3E4274632DA80ACF00791EA9 /* Expense.swift */; };
		3E4274662DA80AF700791EA9 /* AddExpenseView.swift in Sources */ = {isa = PBXBuildFile; fileRef = 3E4274652DA80AF700791EA9 /* AddExpenseView.swift */; };
		3E4274682DA80B1600791EA9 /* BudgetEditView.swift in Sources */ = {isa = PBXBuildFile; fileRef = 3E4274672DA80B1600791EA9 /* BudgetEditView.swift */; };
		3E42747B2DA842F000791EA9 /* SettingsView.swift in Sources */ = {isa = PBXBuildFile; fileRef = 3E42747A2DA842F000791EA9 /* SettingsView.swift */; };
/* End PBXBuildFile section */

/* Begin PBXContainerItemProxy section */
		3E231CFF2D82064300A23209 /* PBXContainerItemProxy */ = {
			isa = PBXContainerItemProxy;
			containerPortal = 3E231CE62D82064100A23209 /* Project object */;
			proxyType = 1;
			remoteGlobalIDString = 3E231CED2D82064100A23209;
			remoteInfo = Budgetr;
		};
		3E231D092D82064300A23209 /* PBXContainerItemProxy */ = {
			isa = PBXContainerItemProxy;
			containerPortal = 3E231CE62D82064100A23209 /* Project object */;
			proxyType = 1;
			remoteGlobalIDString = 3E231CED2D82064100A23209;
			remoteInfo = Budgetr;
		};
/* End PBXContainerItemProxy section */

/* Begin PBXFileReference section */
		33A4DC842DC330C100E1C295 /* BudgetView.swift */ = {isa = PBXFileReference; lastKnownFileType = sourcecode.swift; path = BudgetView.swift; sourceTree = "<group>"; };
		3E231CEE2D82064100A23209 /* Budgetr.app */ = {isa = PBXFileReference; explicitFileType = wrapper.application; includeInIndex = 0; path = Budgetr.app; sourceTree = BUILT_PRODUCTS_DIR; };
		3E231CFE2D82064300A23209 /* BudgetrTests.xctest */ = {isa = PBXFileReference; explicitFileType = wrapper.cfbundle; includeInIndex = 0; path = BudgetrTests.xctest; sourceTree = BUILT_PRODUCTS_DIR; };
		3E231D082D82064300A23209 /* BudgetrUITests.xctest */ = {isa = PBXFileReference; explicitFileType = wrapper.cfbundle; includeInIndex = 0; path = BudgetrUITests.xctest; sourceTree = BUILT_PRODUCTS_DIR; };
		3E4274612DA80AA900791EA9 /* Budget.swift */ = {isa = PBXFileReference; lastKnownFileType = sourcecode.swift; path = Budget.swift; sourceTree = "<group>"; };
		3E4274632DA80ACF00791EA9 /* Expense.swift */ = {isa = PBXFileReference; lastKnownFileType = sourcecode.swift; path = Expense.swift; sourceTree = "<group>"; };
		3E4274652DA80AF700791EA9 /* AddExpenseView.swift */ = {isa = PBXFileReference; lastKnownFileType = sourcecode.swift; path = AddExpenseView.swift; sourceTree = "<group>"; };
		3E4274672DA80B1600791EA9 /* BudgetEditView.swift */ = {isa = PBXFileReference; lastKnownFileType = sourcecode.swift; path = BudgetEditView.swift; sourceTree = "<group>"; };
		3E42747A2DA842F000791EA9 /* SettingsView.swift */ = {isa = PBXFileReference; lastKnownFileType = sourcecode.swift; path = SettingsView.swift; sourceTree = "<group>"; };
/* End PBXFileReference section */

/* Begin PBXFileSystemSynchronizedRootGroup section */
		3E231CF02D82064100A23209 /* Budgetr */ = {
			isa = PBXFileSystemSynchronizedRootGroup;
			path = Budgetr;
			sourceTree = "<group>";
		};
		3E231D012D82064300A23209 /* BudgetrTests */ = {
			isa = PBXFileSystemSynchronizedRootGroup;
			path = BudgetrTests;
			sourceTree = "<group>";
		};
		3E231D0B2D82064300A23209 /* BudgetrUITests */ = {
			isa = PBXFileSystemSynchronizedRootGroup;
			path = BudgetrUITests;
			sourceTree = "<group>";
		};
/* End PBXFileSystemSynchronizedRootGroup section */

/* Begin PBXFrameworksBuildPhase section */
		3E231CEB2D82064100A23209 /* Frameworks */ = {
			isa = PBXFrameworksBuildPhase;
			buildActionMask = 2147483647;
			files = (
			);
			runOnlyForDeploymentPostprocessing = 0;
		};
		3E231CFB2D82064300A23209 /* Frameworks */ = {
			isa = PBXFrameworksBuildPhase;
			buildActionMask = 2147483647;
			files = (
			);
			runOnlyForDeploymentPostprocessing = 0;
		};
		3E231D052D82064300A23209 /* Frameworks */ = {
			isa = PBXFrameworksBuildPhase;
			buildActionMask = 2147483647;
			files = (
			);
			runOnlyForDeploymentPostprocessing = 0;
		};
/* End PBXFrameworksBuildPhase section */

/* Begin PBXGroup section */
		3E231CE52D82064100A23209 = {
			isa = PBXGroup;
			children = (
				33A4DC842DC330C100E1C295 /* BudgetView.swift */,
				3E42747A2DA842F000791EA9 /* SettingsView.swift */,
				3E4274612DA80AA900791EA9 /* Budget.swift */,
				3E4274652DA80AF700791EA9 /* AddExpenseView.swift */,
				3E4274672DA80B1600791EA9 /* BudgetEditView.swift */,
				3E4274632DA80ACF00791EA9 /* Expense.swift */,
				3E231CF02D82064100A23209 /* Budgetr */,
				3E231D012D82064300A23209 /* BudgetrTests */,
				3E231D0B2D82064300A23209 /* BudgetrUITests */,
				3E231CEF2D82064100A23209 /* Products */,
			);
			sourceTree = "<group>";
		};
		3E231CEF2D82064100A23209 /* Products */ = {
			isa = PBXGroup;
			children = (
				3E231CEE2D82064100A23209 /* Budgetr.app */,
				3E231CFE2D82064300A23209 /* BudgetrTests.xctest */,
				3E231D082D82064300A23209 /* BudgetrUITests.xctest */,
			);
			name = Products;
			sourceTree = "<group>";
		};
/* End PBXGroup section */

/* Begin PBXNativeTarget section */
		3E231CED2D82064100A23209 /* Budgetr */ = {
			isa = PBXNativeTarget;
			buildConfigurationList = 3E231D122D82064300A23209 /* Build configuration list for PBXNativeTarget "Budgetr" */;
			buildPhases = (
				3E231CEA2D82064100A23209 /* Sources */,
				3E231CEB2D82064100A23209 /* Frameworks */,
				3E231CEC2D82064100A23209 /* Resources */,
			);
			buildRules = (
			);
			dependencies = (
			);
			fileSystemSynchronizedGroups = (
				3E231CF02D82064100A23209 /* Budgetr */,
			);
			name = Budgetr;
			packageProductDependencies = (
			);
			productName = Budgetr;
			productReference = 3E231CEE2D82064100A23209 /* Budgetr.app */;
			productType = "com.apple.product-type.application";
		};
		3E231CFD2D82064300A23209 /* BudgetrTests */ = {
			isa = PBXNativeTarget;
			buildConfigurationList = 3E231D152D82064300A23209 /* Build configuration list for PBXNativeTarget "BudgetrTests" */;
			buildPhases = (
				3E231CFA2D82064300A23209 /* Sources */,
				3E231CFB2D82064300A23209 /* Frameworks */,
				3E231CFC2D82064300A23209 /* Resources */,
			);
			buildRules = (
			);
			dependencies = (
				3E231D002D82064300A23209 /* PBXTargetDependency */,
			);
			fileSystemSynchronizedGroups = (
				3E231D012D82064300A23209 /* BudgetrTests */,
			);
			name = BudgetrTests;
			packageProductDependencies = (
			);
			productName = BudgetrTests;
			productReference = 3E231CFE2D82064300A23209 /* BudgetrTests.xctest */;
			productType = "com.apple.product-type.bundle.unit-test";
		};
		3E231D072D82064300A23209 /* BudgetrUITests */ = {
			isa = PBXNativeTarget;
			buildConfigurationList = 3E231D182D82064300A23209 /* Build configuration list for PBXNativeTarget "BudgetrUITests" */;
			buildPhases = (
				3E231D042D82064300A23209 /* Sources */,
				3E231D052D82064300A23209 /* Frameworks */,
				3E231D062D82064300A23209 /* Resources */,
			);
			buildRules = (
			);
			dependencies = (
				3E231D0A2D82064300A23209 /* PBXTargetDependency */,
			);
			fileSystemSynchronizedGroups = (
				3E231D0B2D82064300A23209 /* BudgetrUITests */,
			);
			name = BudgetrUITests;
			packageProductDependencies = (
			);
			productName = BudgetrUITests;
			productReference = 3E231D082D82064300A23209 /* BudgetrUITests.xctest */;
			productType = "com.apple.product-type.bundle.ui-testing";
		};
/* End PBXNativeTarget section */

/* Begin PBXProject section */
		3E231CE62D82064100A23209 /* Project object */ = {
			isa = PBXProject;
			attributes = {
				BuildIndependentTargetsInParallel = 1;
				LastSwiftUpdateCheck = 1620;
				LastUpgradeCheck = 1620;
				TargetAttributes = {
					3E231CED2D82064100A23209 = {
						CreatedOnToolsVersion = 16.2;
					};
					3E231CFD2D82064300A23209 = {
						CreatedOnToolsVersion = 16.2;
						TestTargetID = 3E231CED2D82064100A23209;
					};
					3E231D072D82064300A23209 = {
						CreatedOnToolsVersion = 16.2;
						TestTargetID = 3E231CED2D82064100A23209;
					};
				};
			};
			buildConfigurationList = 3E231CE92D82064100A23209 /* Build configuration list for PBXProject "Budgetr" */;
			developmentRegion = en;
			hasScannedForEncodings = 0;
			knownRegions = (
				en,
				Base,
			);
			mainGroup = 3E231CE52D82064100A23209;
			minimizedProjectReferenceProxies = 1;
			preferredProjectObjectVersion = 77;
			productRefGroup = 3E231CEF2D82064100A23209 /* Products */;
			projectDirPath = "";
			projectRoot = "";
			targets = (
				3E231CED2D82064100A23209 /* Budgetr */,
				3E231CFD2D82064300A23209 /* BudgetrTests */,
				3E231D072D82064300A23209 /* BudgetrUITests */,
			);
		};
/* End PBXProject section */

/* Begin PBXResourcesBuildPhase section */
		3E231CEC2D82064100A23209 /* Resources */ = {
			isa = PBXResourcesBuildPhase;
			buildActionMask = 2147483647;
			files = (
			);
			runOnlyForDeploymentPostprocessing = 0;
		};
		3E231CFC2D82064300A23209 /* Resources */ = {
			isa = PBXResourcesBuildPhase;
			buildActionMask = 2147483647;
			files = (
			);
			runOnlyForDeploymentPostprocessing = 0;
		};
		3E231D062D82064300A23209 /* Resources */ = {
			isa = PBXResourcesBuildPhase;
			buildActionMask = 2147483647;
			files = (
			);
			runOnlyForDeploymentPostprocessing = 0;
		};
/* End PBXResourcesBuildPhase section */

/* Begin PBXSourcesBuildPhase section */
		3E231CEA2D82064100A23209 /* Sources */ = {
			isa = PBXSourcesBuildPhase;
			buildActionMask = 2147483647;
			files = (
				3E42747B2DA842F000791EA9 /* SettingsView.swift in Sources */,
				33A4DC852DC330C100E1C295 /* BudgetView.swift in Sources */,
				3E4274642DA80ACF00791EA9 /* Expense.swift in Sources */,
				3E4274682DA80B1600791EA9 /* BudgetEditView.swift in Sources */,
				3E4274662DA80AF700791EA9 /* AddExpenseView.swift in Sources */,
				3E4274622DA80AA900791EA9 /* Budget.swift in Sources */,
			);
			runOnlyForDeploymentPostprocessing = 0;
		};
		3E231CFA2D82064300A23209 /* Sources */ = {
			isa = PBXSourcesBuildPhase;
			buildActionMask = 2147483647;
			files = (
			);
			runOnlyForDeploymentPostprocessing = 0;
		};
		3E231D042D82064300A23209 /* Sources */ = {
			isa = PBXSourcesBuildPhase;
			buildActionMask = 2147483647;
			files = (
			);
			runOnlyForDeploymentPostprocessing = 0;
		};
/* End PBXSourcesBuildPhase section */

/* Begin PBXTargetDependency section */
		3E231D002D82064300A23209 /* PBXTargetDependency */ = {
			isa = PBXTargetDependency;
			target = 3E231CED2D82064100A23209 /* Budgetr */;
			targetProxy = 3E231CFF2D82064300A23209 /* PBXContainerItemProxy */;
		};
		3E231D0A2D82064300A23209 /* PBXTargetDependency */ = {
			isa = PBXTargetDependency;
			target = 3E231CED2D82064100A23209 /* Budgetr */;
			targetProxy = 3E231D092D82064300A23209 /* PBXContainerItemProxy */;
		};
/* End PBXTargetDependency section */

/* Begin XCBuildConfiguration section */
		3E231D102D82064300A23209 /* Debug */ = {
			isa = XCBuildConfiguration;
			buildSettings = {
				ALWAYS_SEARCH_USER_PATHS = NO;
				ASSETCATALOG_COMPILER_GENERATE_SWIFT_ASSET_SYMBOL_EXTENSIONS = YES;
				CLANG_ANALYZER_NONNULL = YES;
				CLANG_ANALYZER_NUMBER_OBJECT_CONVERSION = YES_AGGRESSIVE;
				CLANG_CXX_LANGUAGE_STANDARD = "gnu++20";
				CLANG_ENABLE_MODULES = YES;
				CLANG_ENABLE_OBJC_ARC = YES;
				CLANG_ENABLE_OBJC_WEAK = YES;
				CLANG_WARN_BLOCK_CAPTURE_AUTORELEASING = YES;
				CLANG_WARN_BOOL_CONVERSION = YES;
				CLANG_WARN_COMMA = YES;
				CLANG_WARN_CONSTANT_CONVERSION = YES;
				CLANG_WARN_DEPRECATED_OBJC_IMPLEMENTATIONS = YES;
				CLANG_WARN_DIRECT_OBJC_ISA_USAGE = YES_ERROR;
				CLANG_WARN_DOCUMENTATION_COMMENTS = YES;
				CLANG_WARN_EMPTY_BODY = YES;
				CLANG_WARN_ENUM_CONVERSION = YES;
				CLANG_WARN_INFINITE_RECURSION = YES;
				CLANG_WARN_INT_CONVERSION = YES;
				CLANG_WARN_NON_LITERAL_NULL_CONVERSION = YES;
				CLANG_WARN_OBJC_IMPLICIT_RETAIN_SELF = YES;
				CLANG_WARN_OBJC_LITERAL_CONVERSION = YES;
				CLANG_WARN_OBJC_ROOT_CLASS = YES_ERROR;
				CLANG_WARN_QUOTED_INCLUDE_IN_FRAMEWORK_HEADER = YES;
				CLANG_WARN_RANGE_LOOP_ANALYSIS = YES;
				CLANG_WARN_STRICT_PROTOTYPES = YES;
				CLANG_WARN_SUSPICIOUS_MOVE = YES;
				CLANG_WARN_UNGUARDED_AVAILABILITY = YES_AGGRESSIVE;
				CLANG_WARN_UNREACHABLE_CODE = YES;
				CLANG_WARN__DUPLICATE_METHOD_MATCH = YES;
				COPY_PHASE_STRIP = NO;
				DEBUG_INFORMATION_FORMAT = dwarf;
				ENABLE_STRICT_OBJC_MSGSEND = YES;
				ENABLE_TESTABILITY = YES;
				ENABLE_USER_SCRIPT_SANDBOXING = YES;
				GCC_C_LANGUAGE_STANDARD = gnu17;
				GCC_DYNAMIC_NO_PIC = NO;
				GCC_NO_COMMON_BLOCKS = YES;
				GCC_OPTIMIZATION_LEVEL = 0;
				GCC_PREPROCESSOR_DEFINITIONS = (
					"DEBUG=1",
					"$(inherited)",
				);
				GCC_WARN_64_TO_32_BIT_CONVERSION = YES;
				GCC_WARN_ABOUT_RETURN_TYPE = YES_ERROR;
				GCC_WARN_UNDECLARED_SELECTOR = YES;
				GCC_WARN_UNINITIALIZED_AUTOS = YES_AGGRESSIVE;
				GCC_WARN_UNUSED_FUNCTION = YES;
				GCC_WARN_UNUSED_VARIABLE = YES;
				IPHONEOS_DEPLOYMENT_TARGET = 18.2;
				LOCALIZATION_PREFERS_STRING_CATALOGS = YES;
				MTL_ENABLE_DEBUG_INFO = INCLUDE_SOURCE;
				MTL_FAST_MATH = YES;
				ONLY_ACTIVE_ARCH = YES;
				SDKROOT = iphoneos;
				SWIFT_ACTIVE_COMPILATION_CONDITIONS = "DEBUG $(inherited)";
				SWIFT_OPTIMIZATION_LEVEL = "-Onone";
			};
			name = Debug;
		};
		3E231D112D82064300A23209 /* Release */ = {
			isa = XCBuildConfiguration;
			buildSettings = {
				ALWAYS_SEARCH_USER_PATHS = NO;
				ASSETCATALOG_COMPILER_GENERATE_SWIFT_ASSET_SYMBOL_EXTENSIONS = YES;
				CLANG_ANALYZER_NONNULL = YES;
				CLANG_ANALYZER_NUMBER_OBJECT_CONVERSION = YES_AGGRESSIVE;
				CLANG_CXX_LANGUAGE_STANDARD = "gnu++20";
				CLANG_ENABLE_MODULES = YES;
				CLANG_ENABLE_OBJC_ARC = YES;
				CLANG_ENABLE_OBJC_WEAK = YES;
				CLANG_WARN_BLOCK_CAPTURE_AUTORELEASING = YES;
				CLANG_WARN_BOOL_CONVERSION = YES;
				CLANG_WARN_COMMA = YES;
				CLANG_WARN_CONSTANT_CONVERSION = YES;
				CLANG_WARN_DEPRECATED_OBJC_IMPLEMENTATIONS = YES;
				CLANG_WARN_DIRECT_OBJC_ISA_USAGE = YES_ERROR;
				CLANG_WARN_DOCUMENTATION_COMMENTS = YES;
				CLANG_WARN_EMPTY_BODY = YES;
				CLANG_WARN_ENUM_CONVERSION = YES;
				CLANG_WARN_INFINITE_RECURSION = YES;
				CLANG_WARN_INT_CONVERSION = YES;
				CLANG_WARN_NON_LITERAL_NULL_CONVERSION = YES;
				CLANG_WARN_OBJC_IMPLICIT_RETAIN_SELF = YES;
				CLANG_WARN_OBJC_LITERAL_CONVERSION = YES;
				CLANG_WARN_OBJC_ROOT_CLASS = YES_ERROR;
				CLANG_WARN_QUOTED_INCLUDE_IN_FRAMEWORK_HEADER = YES;
				CLANG_WARN_RANGE_LOOP_ANALYSIS = YES;
				CLANG_WARN_STRICT_PROTOTYPES = YES;
				CLANG_WARN_SUSPICIOUS_MOVE = YES;
				CLANG_WARN_UNGUARDED_AVAILABILITY = YES_AGGRESSIVE;
				CLANG_WARN_UNREACHABLE_CODE = YES;
				CLANG_WARN__DUPLICATE_METHOD_MATCH = YES;
				COPY_PHASE_STRIP = NO;
				DEBUG_INFORMATION_FORMAT = "dwarf-with-dsym";
				ENABLE_NS_ASSERTIONS = NO;
				ENABLE_STRICT_OBJC_MSGSEND = YES;
				ENABLE_USER_SCRIPT_SANDBOXING = YES;
				GCC_C_LANGUAGE_STANDARD = gnu17;
				GCC_NO_COMMON_BLOCKS = YES;
				GCC_WARN_64_TO_32_BIT_CONVERSION = YES;
				GCC_WARN_ABOUT_RETURN_TYPE = YES_ERROR;
				GCC_WARN_UNDECLARED_SELECTOR = YES;
				GCC_WARN_UNINITIALIZED_AUTOS = YES_AGGRESSIVE;
				GCC_WARN_UNUSED_FUNCTION = YES;
				GCC_WARN_UNUSED_VARIABLE = YES;
				IPHONEOS_DEPLOYMENT_TARGET = 18.2;
				LOCALIZATION_PREFERS_STRING_CATALOGS = YES;
				MTL_ENABLE_DEBUG_INFO = NO;
				MTL_FAST_MATH = YES;
				SDKROOT = iphoneos;
				SWIFT_COMPILATION_MODE = wholemodule;
				VALIDATE_PRODUCT = YES;
			};
			name = Release;
		};
		3E231D132D82064300A23209 /* Debug */ = {
			isa = XCBuildConfiguration;
			buildSettings = {
				ASSETCATALOG_COMPILER_APPICON_NAME = AppIcon;
				ASSETCATALOG_COMPILER_GLOBAL_ACCENT_COLOR_NAME = AccentColor;
				CODE_SIGN_STYLE = Automatic;
				CURRENT_PROJECT_VERSION = 1;
				DEVELOPMENT_ASSET_PATHS = "\"Budgetr/Preview Content\"";
				DEVELOPMENT_TEAM = 7SWM2QHR24;
				ENABLE_PREVIEWS = YES;
				GENERATE_INFOPLIST_FILE = YES;
				INFOPLIST_KEY_UIApplicationSceneManifest_Generation = YES;
				INFOPLIST_KEY_UIApplicationSupportsIndirectInputEvents = YES;
				INFOPLIST_KEY_UILaunchScreen_Generation = YES;
				INFOPLIST_KEY_UISupportedInterfaceOrientations_iPad = "UIInterfaceOrientationPortrait UIInterfaceOrientationPortraitUpsideDown UIInterfaceOrientationLandscapeLeft UIInterfaceOrientationLandscapeRight";
				INFOPLIST_KEY_UISupportedInterfaceOrientations_iPhone = "UIInterfaceOrientationPortrait UIInterfaceOrientationLandscapeLeft UIInterfaceOrientationLandscapeRight";
				LD_RUNPATH_SEARCH_PATHS = (
					"$(inherited)",
					"@executable_path/Frameworks",
				);
				MARKETING_VERSION = 1.0;
				PRODUCT_BUNDLE_IDENTIFIER = RileyBowling.Budgetr;
				PRODUCT_NAME = "$(TARGET_NAME)";
				SWIFT_EMIT_LOC_STRINGS = YES;
				SWIFT_VERSION = 5.0;
				TARGETED_DEVICE_FAMILY = "1,2";
			};
			name = Debug;
		};
		3E231D142D82064300A23209 /* Release */ = {
			isa = XCBuildConfiguration;
			buildSettings = {
				ASSETCATALOG_COMPILER_APPICON_NAME = AppIcon;
				ASSETCATALOG_COMPILER_GLOBAL_ACCENT_COLOR_NAME = AccentColor;
				CODE_SIGN_STYLE = Automatic;
				CURRENT_PROJECT_VERSION = 1;
				DEVELOPMENT_ASSET_PATHS = "\"Budgetr/Preview Content\"";
				DEVELOPMENT_TEAM = 7SWM2QHR24;
				ENABLE_PREVIEWS = YES;
				GENERATE_INFOPLIST_FILE = YES;
				INFOPLIST_KEY_UIApplicationSceneManifest_Generation = YES;
				INFOPLIST_KEY_UIApplicationSupportsIndirectInputEvents = YES;
				INFOPLIST_KEY_UILaunchScreen_Generation = YES;
				INFOPLIST_KEY_UISupportedInterfaceOrientations_iPad = "UIInterfaceOrientationPortrait UIInterfaceOrientationPortraitUpsideDown UIInterfaceOrientationLandscapeLeft UIInterfaceOrientationLandscapeRight";
				INFOPLIST_KEY_UISupportedInterfaceOrientations_iPhone = "UIInterfaceOrientationPortrait UIInterfaceOrientationLandscapeLeft UIInterfaceOrientationLandscapeRight";
				LD_RUNPATH_SEARCH_PATHS = (
					"$(inherited)",
					"@executable_path/Frameworks",
				);
				MARKETING_VERSION = 1.0;
				PRODUCT_BUNDLE_IDENTIFIER = RileyBowling.Budgetr;
				PRODUCT_NAME = "$(TARGET_NAME)";
				SWIFT_EMIT_LOC_STRINGS = YES;
				SWIFT_VERSION = 5.0;
				TARGETED_DEVICE_FAMILY = "1,2";
			};
			name = Release;
		};
		3E231D162D82064300A23209 /* Debug */ = {
			isa = XCBuildConfiguration;
			buildSettings = {
				BUNDLE_LOADER = "$(TEST_HOST)";
				CODE_SIGN_STYLE = Automatic;
				CURRENT_PROJECT_VERSION = 1;
				DEVELOPMENT_TEAM = 7SWM2QHR24;
				GENERATE_INFOPLIST_FILE = YES;
				IPHONEOS_DEPLOYMENT_TARGET = 18.2;
				MARKETING_VERSION = 1.0;
				PRODUCT_BUNDLE_IDENTIFIER = RileyBowling.BudgetrTests;
				PRODUCT_NAME = "$(TARGET_NAME)";
				SWIFT_EMIT_LOC_STRINGS = NO;
				SWIFT_VERSION = 5.0;
				TARGETED_DEVICE_FAMILY = "1,2";
				TEST_HOST = "$(BUILT_PRODUCTS_DIR)/Budgetr.app/$(BUNDLE_EXECUTABLE_FOLDER_PATH)/Budgetr";
			};
			name = Debug;
		};
		3E231D172D82064300A23209 /* Release */ = {
			isa = XCBuildConfiguration;
			buildSettings = {
				BUNDLE_LOADER = "$(TEST_HOST)";
				CODE_SIGN_STYLE = Automatic;
				CURRENT_PROJECT_VERSION = 1;
				DEVELOPMENT_TEAM = 7SWM2QHR24;
				GENERATE_INFOPLIST_FILE = YES;
				IPHONEOS_DEPLOYMENT_TARGET = 18.2;
				MARKETING_VERSION = 1.0;
				PRODUCT_BUNDLE_IDENTIFIER = RileyBowling.BudgetrTests;
				PRODUCT_NAME = "$(TARGET_NAME)";
				SWIFT_EMIT_LOC_STRINGS = NO;
				SWIFT_VERSION = 5.0;
				TARGETED_DEVICE_FAMILY = "1,2";
				TEST_HOST = "$(BUILT_PRODUCTS_DIR)/Budgetr.app/$(BUNDLE_EXECUTABLE_FOLDER_PATH)/Budgetr";
			};
			name = Release;
		};
		3E231D192D82064300A23209 /* Debug */ = {
			isa = XCBuildConfiguration;
			buildSettings = {
				CODE_SIGN_STYLE = Automatic;
				CURRENT_PROJECT_VERSION = 1;
				DEVELOPMENT_TEAM = 7SWM2QHR24;
				GENERATE_INFOPLIST_FILE = YES;
				MARKETING_VERSION = 1.0;
				PRODUCT_BUNDLE_IDENTIFIER = RileyBowling.BudgetrUITests;
				PRODUCT_NAME = "$(TARGET_NAME)";
				SWIFT_EMIT_LOC_STRINGS = NO;
				SWIFT_VERSION = 5.0;
				TARGETED_DEVICE_FAMILY = "1,2";
				TEST_TARGET_NAME = Budgetr;
			};
			name = Debug;
		};
		3E231D1A2D82064300A23209 /* Release */ = {
			isa = XCBuildConfiguration;
			buildSettings = {
				CODE_SIGN_STYLE = Automatic;
				CURRENT_PROJECT_VERSION = 1;
				DEVELOPMENT_TEAM = 7SWM2QHR24;
				GENERATE_INFOPLIST_FILE = YES;
				MARKETING_VERSION = 1.0;
				PRODUCT_BUNDLE_IDENTIFIER = RileyBowling.BudgetrUITests;
				PRODUCT_NAME = "$(TARGET_NAME)";
				SWIFT_EMIT_LOC_STRINGS = NO;
				SWIFT_VERSION = 5.0;
				TARGETED_DEVICE_FAMILY = "1,2";
				TEST_TARGET_NAME = Budgetr;
			};
			name = Release;
		};
/* End XCBuildConfiguration section */

/* Begin XCConfigurationList section */
		3E231CE92D82064100A23209 /* Build configuration list for PBXProject "Budgetr" */ = {
			isa = XCConfigurationList;
			buildConfigurations = (
				3E231D102D82064300A23209 /* Debug */,
				3E231D112D82064300A23209 /* Release */,
			);
			defaultConfigurationIsVisible = 0;
			defaultConfigurationName = Release;
		};
		3E231D122D82064300A23209 /* Build configuration list for PBXNativeTarget "Budgetr" */ = {
			isa = XCConfigurationList;
			buildConfigurations = (
				3E231D132D82064300A23209 /* Debug */,
				3E231D142D82064300A23209 /* Release */,
			);
			defaultConfigurationIsVisible = 0;
			defaultConfigurationName = Release;
		};
		3E231D152D82064300A23209 /* Build configuration list for PBXNativeTarget "BudgetrTests" */ = {
			isa = XCConfigurationList;
			buildConfigurations = (
				3E231D162D82064300A23209 /* Debug */,
				3E231D172D82064300A23209 /* Release */,
			);
			defaultConfigurationIsVisible = 0;
			defaultConfigurationName = Release;
		};
		3E231D182D82064300A23209 /* Build configuration list for PBXNativeTarget "BudgetrUITests" */ = {
			isa = XCConfigurationList;
			buildConfigurations = (
				3E231D192D82064300A23209 /* Debug */,
				3E231D1A2D82064300A23209 /* Release */,
			);
			defaultConfigurationIsVisible = 0;
			defaultConfigurationName = Release;
		};
/* End XCConfigurationList section */
	};
	rootObject = 3E231CE62D82064100A23209 /* Project object */;
}
